
Microsoft Visual Studio Solution File, Format Version 12.00
# Visual Studio 15
VisualStudioVersion = 15.0.26228.4
MinimumVisualStudioVersion = 10.0.40219.1
Project("{FAE04EC0-301F-11D3-BF4B-00C04F79EFBC}") = "Helloworld", "Helloworld\Helloworld.csproj", "{A88C67F1-B25A-4246-8048-1A7D505D5AB8}"
EndProject
Project("{FAE04EC0-301F-11D3-BF4B-00C04F79EFBC}") = "HelloworldTest", "HelloworldTest\HelloworldTest.csproj", "{ABB854AB-DA18-4C2E-987E-1F19C01CB344}"
EndProject
Global
	GlobalSection(SolutionConfigurationPlatforms) = preSolution
		Debug|Any CPU = Debug|Any CPU
		Release|Any CPU = Release|Any CPU
	EndGlobalSection
	GlobalSection(ProjectConfigurationPlatforms) = postSolution
		{A88C67F1-B25A-4246-8048-1A7D505D5AB8}.Debug|Any CPU.ActiveCfg = Debug|Any CPU
		{A88C67F1-B25A-4246-8048-1A7D505D5AB8}.Debug|Any CPU.Build.0 = Debug|Any CPU
		{A88C67F1-B25A-4246-8048-1A7D505D5AB8}.Release|Any CPU.ActiveCfg = Release|Any CPU
		{A88C67F1-B25A-4246-8048-1A7D505D5AB8}.Release|Any CPU.Build.0 = Release|Any CPU
		{ABB854AB-DA18-4C2E-987E-1F19C01CB344}.Debug|Any CPU.ActiveCfg = Debug|Any CPU
		{ABB854AB-DA18-4C2E-987E-1F19C01CB344}.Debug|Any CPU.Build.0 = Debug|Any CPU
		{ABB854AB-DA18-4C2E-987E-1F19C01CB344}.Release|Any CPU.ActiveCfg = Release|Any CPU
		{ABB854AB-DA18-4C2E-987E-1F19C01CB344}.Release|Any CPU.Build.0 = Release|Any CPU
	EndGlobalSection
	GlobalSection(SolutionProperties) = preSolution
		HideSolutionNode = FALSE
	EndGlobalSection
EndGlobal
